
Microsoft Visual Studio Solution File, Format Version 12.00
# Visual Studio Version 16
VisualStudioVersion = 16.0.29201.188
MinimumVisualStudioVersion = 10.0.40219.1
Project("{FAE04EC0-301F-11D3-BF4B-00C04F79EFBC}") = "CoreLib.Infrastructure.SignalR", "CoreLib.Infrastructure.SignalR\CoreLib.Infrastructure.SignalR.csproj", "{A98235B3-B90C-4592-80D3-617E25F35487}"
EndProject
Global
	GlobalSection(SolutionConfigurationPlatforms) = preSolution
		Debug|Any CPU = Debug|Any CPU
		Release|Any CPU = Release|Any CPU
	EndGlobalSection
	GlobalSection(ProjectConfigurationPlatforms) = postSolution
		{A98235B3-B90C-4592-80D3-617E25F35487}.Debug|Any CPU.ActiveCfg = Debug|Any CPU
		{A98235B3-B90C-4592-80D3-617E25F35487}.Debug|Any CPU.Build.0 = Debug|Any CPU
		{A98235B3-B90C-4592-80D3-617E25F35487}.Release|Any CPU.ActiveCfg = Release|Any CPU
		{A98235B3-B90C-4592-80D3-617E25F35487}.Release|Any CPU.Build.0 = Release|Any CPU
	EndGlobalSection
	GlobalSection(SolutionProperties) = preSolution
		HideSolutionNode = FALSE
	EndGlobalSection
	GlobalSection(ExtensibilityGlobals) = postSolution
		SolutionGuid = {E67791F5-FBF9-44D5-8872-9DF279E7EE38}
	EndGlobalSection
EndGlobal
